
Microsoft Visual Studio Solution File, Format Version 12.00
VisualStudioVersion = 12.0.30501.0
MinimumVisualStudioVersion = 12.0.30501.0
Project("{8BC9CEB8-8B4A-11D0-8D11-00A0C91BC942}") = "libfribidi", "libfribidi.vcxproj", "{08091723-A142-478B-A092-20741BA8FAE2}"
EndProject
Project("{2150E333-8FDC-42A3-9474-1A3956D46DE8}") = "pre-build (optional)", "pre-build (optional)", "{5BDB7D46-6FE8-4816-B5E1-C8DB9CEFA2D9}"
EndProject
Project("{8BC9CEB8-8B4A-11D0-8D11-00A0C91BC942}") = "gen-arabic-shaping-tab", "gen-arabic-shaping-tab.vcxproj", "{1B4E62F7-3437-48D5-AAB2-CBBE3DE513ED}"
EndProject
Project("{8BC9CEB8-8B4A-11D0-8D11-00A0C91BC942}") = "gen-bidi-type-tab", "gen-bidi-type-tab.vcxproj", "{FCB4D49F-6E02-422C-96A0-D9048BD17315}"
EndProject
Project("{8BC9CEB8-8B4A-11D0-8D11-00A0C91BC942}") = "gen-joining-type-tab", "gen-joining-type-tab.vcxproj", "{986A8C9E-0733-4B48-88AD-5D8E121129ED}"
EndProject
Project("{8BC9CEB8-8B4A-11D0-8D11-00A0C91BC942}") = "gen-mirroring-tab", "gen-mirroring-tab.vcxproj", "{71846128-99F1-47CD-9BCA-95106F0803B9}"
EndProject
Project("{8BC9CEB8-8B4A-11D0-8D11-00A0C91BC942}") = "gen-unicode-version", "gen-unicode-version.vcxproj", "{8F32B39F-E8A6-4FDE-B70B-1289B05893CB}"
EndProject
Global
	GlobalSection(SolutionConfigurationPlatforms) = preSolution
		Debug|x64 = Debug|x64
		Debug|x86 = Debug|x86
		DebugDLL|x64 = DebugDLL|x64
		DebugDLL|x86 = DebugDLL|x86
		DebugDLLWinRT|x64 = DebugDLLWinRT|x64
		DebugDLLWinRT|x86 = DebugDLLWinRT|x86
		DebugWinRT|x64 = DebugWinRT|x64
		DebugWinRT|x86 = DebugWinRT|x86
		Release|x64 = Release|x64
		Release|x86 = Release|x86
		ReleaseDLL|x64 = ReleaseDLL|x64
		ReleaseDLL|x86 = ReleaseDLL|x86
		ReleaseDLLWinRT|x64 = ReleaseDLLWinRT|x64
		ReleaseDLLWinRT|x86 = ReleaseDLLWinRT|x86
		ReleaseWinRT|x64 = ReleaseWinRT|x64
		ReleaseWinRT|x86 = ReleaseWinRT|x86
	EndGlobalSection
	GlobalSection(ProjectConfigurationPlatforms) = postSolution
		{08091723-A142-478B-A092-20741BA8FAE2}.Debug|x64.ActiveCfg = Debug|x64
		{08091723-A142-478B-A092-20741BA8FAE2}.Debug|x64.Build.0 = Debug|x64
		{08091723-A142-478B-A092-20741BA8FAE2}.Debug|x86.ActiveCfg = Debug|Win32
		{08091723-A142-478B-A092-20741BA8FAE2}.Debug|x86.Build.0 = Debug|Win32
		{08091723-A142-478B-A092-20741BA8FAE2}.DebugDLL|x64.ActiveCfg = DebugDLL|x64
		{08091723-A142-478B-A092-20741BA8FAE2}.DebugDLL|x64.Build.0 = DebugDLL|x64
		{08091723-A142-478B-A092-20741BA8FAE2}.DebugDLL|x86.ActiveCfg = DebugDLL|Win32
		{08091723-A142-478B-A092-20741BA8FAE2}.DebugDLL|x86.Build.0 = DebugDLL|Win32
		{08091723-A142-478B-A092-20741BA8FAE2}.DebugDLLWinRT|x64.ActiveCfg = DebugDLLWinRT|x64
		{08091723-A142-478B-A092-20741BA8FAE2}.DebugDLLWinRT|x64.Build.0 = DebugDLLWinRT|x64
		{08091723-A142-478B-A092-20741BA8FAE2}.DebugDLLWinRT|x86.ActiveCfg = DebugDLLWinRT|Win32
		{08091723-A142-478B-A092-20741BA8FAE2}.DebugDLLWinRT|x86.Build.0 = DebugDLLWinRT|Win32
		{08091723-A142-478B-A092-20741BA8FAE2}.DebugWinRT|x64.ActiveCfg = DebugWinRT|x64
		{08091723-A142-478B-A092-20741BA8FAE2}.DebugWinRT|x64.Build.0 = DebugWinRT|x64
		{08091723-A142-478B-A092-20741BA8FAE2}.DebugWinRT|x86.ActiveCfg = DebugWinRT|Win32
		{08091723-A142-478B-A092-20741BA8FAE2}.DebugWinRT|x86.Build.0 = DebugWinRT|Win32
		{08091723-A142-478B-A092-20741BA8FAE2}.Release|x64.ActiveCfg = Release|x64
		{08091723-A142-478B-A092-20741BA8FAE2}.Release|x64.Build.0 = Release|x64
		{08091723-A142-478B-A092-20741BA8FAE2}.Release|x86.ActiveCfg = Release|Win32
		{08091723-A142-478B-A092-20741BA8FAE2}.Release|x86.Build.0 = Release|Win32
		{08091723-A142-478B-A092-20741BA8FAE2}.ReleaseDLL|x64.ActiveCfg = ReleaseDLL|x64
		{08091723-A142-478B-A092-20741BA8FAE2}.ReleaseDLL|x64.Build.0 = ReleaseDLL|x64
		{08091723-A142-478B-A092-20741BA8FAE2}.ReleaseDLL|x86.ActiveCfg = ReleaseDLL|Win32
		{08091723-A142-478B-A092-20741BA8FAE2}.ReleaseDLL|x86.Build.0 = ReleaseDLL|Win32
		{08091723-A142-478B-A092-20741BA8FAE2}.ReleaseDLLWinRT|x64.ActiveCfg = ReleaseDLLWinRT|x64
		{08091723-A142-478B-A092-20741BA8FAE2}.ReleaseDLLWinRT|x64.Build.0 = ReleaseDLLWinRT|x64
		{08091723-A142-478B-A092-20741BA8FAE2}.ReleaseDLLWinRT|x86.ActiveCfg = ReleaseDLLWinRT|Win32
		{08091723-A142-478B-A092-20741BA8FAE2}.ReleaseDLLWinRT|x86.Build.0 = ReleaseDLLWinRT|Win32
		{08091723-A142-478B-A092-20741BA8FAE2}.ReleaseWinRT|x64.ActiveCfg = ReleaseWinRT|x64
		{08091723-A142-478B-A092-20741BA8FAE2}.ReleaseWinRT|x64.Build.0 = ReleaseWinRT|x64
		{08091723-A142-478B-A092-20741BA8FAE2}.ReleaseWinRT|x86.ActiveCfg = ReleaseWinRT|Win32
		{08091723-A142-478B-A092-20741BA8FAE2}.ReleaseWinRT|x86.Build.0 = ReleaseWinRT|Win32
		{1B4E62F7-3437-48D5-AAB2-CBBE3DE513ED}.Debug|x64.ActiveCfg = Debug|x64
		{1B4E62F7-3437-48D5-AAB2-CBBE3DE513ED}.Debug|x64.Build.0 = Debug|x64
		{1B4E62F7-3437-48D5-AAB2-CBBE3DE513ED}.Debug|x86.ActiveCfg = Debug|Win32
		{1B4E62F7-3437-48D5-AAB2-CBBE3DE513ED}.Debug|x86.Build.0 = Debug|Win32
		{1B4E62F7-3437-48D5-AAB2-CBBE3DE513ED}.DebugDLL|x64.ActiveCfg = Debug|x64
		{1B4E62F7-3437-48D5-AAB2-CBBE3DE513ED}.DebugDLL|x64.Build.0 = Debug|x64
		{1B4E62F7-3437-48D5-AAB2-CBBE3DE513ED}.DebugDLL|x86.ActiveCfg = Debug|Win32
		{1B4E62F7-3437-48D5-AAB2-CBBE3DE513ED}.DebugDLL|x86.Build.0 = Debug|Win32
		{1B4E62F7-3437-48D5-AAB2-CBBE3DE513ED}.DebugDLLWinRT|x64.ActiveCfg = Debug|x64
		{1B4E62F7-3437-48D5-AAB2-CBBE3DE513ED}.DebugDLLWinRT|x64.Build.0 = Debug|x64
		{1B4E62F7-3437-48D5-AAB2-CBBE3DE513ED}.DebugDLLWinRT|x86.ActiveCfg = Debug|Win32
		{1B4E62F7-3437-48D5-AAB2-CBBE3DE513ED}.DebugDLLWinRT|x86.Build.0 = Debug|Win32
		{1B4E62F7-3437-48D5-AAB2-CBBE3DE513ED}.DebugWinRT|x64.ActiveCfg = Debug|x64
		{1B4E62F7-3437-48D5-AAB2-CBBE3DE513ED}.DebugWinRT|x64.Build.0 = Debug|x64
		{1B4E62F7-3437-48D5-AAB2-CBBE3DE513ED}.DebugWinRT|x86.ActiveCfg = Debug|Win32
		{1B4E62F7-3437-48D5-AAB2-CBBE3DE513ED}.DebugWinRT|x86.Build.0 = Debug|Win32
		{1B4E62F7-3437-48D5-AAB2-CBBE3DE513ED}.Release|x64.ActiveCfg = Release|x64
		{1B4E62F7-3437-48D5-AAB2-CBBE3DE513ED}.Release|x64.Build.0 = Release|x64
		{1B4E62F7-3437-48D5-AAB2-CBBE3DE513ED}.Release|x86.ActiveCfg = Release|Win32
		{1B4E62F7-3437-48D5-AAB2-CBBE3DE513ED}.Release|x86.Build.0 = Release|Win32
		{1B4E62F7-3437-48D5-AAB2-CBBE3DE513ED}.ReleaseDLL|x64.ActiveCfg = Release|x64
		{1B4E62F7-3437-48D5-AAB2-CBBE3DE513ED}.ReleaseDLL|x64.Build.0 = Release|x64
		{1B4E62F7-3437-48D5-AAB2-CBBE3DE513ED}.ReleaseDLL|x86.ActiveCfg = Release|Win32
		{1B4E62F7-3437-48D5-AAB2-CBBE3DE513ED}.ReleaseDLL|x86.Build.0 = Release|Win32
		{1B4E62F7-3437-48D5-AAB2-CBBE3DE513ED}.ReleaseDLLWinRT|x64.ActiveCfg = Release|x64
		{1B4E62F7-3437-48D5-AAB2-CBBE3DE513ED}.ReleaseDLLWinRT|x64.Build.0 = Release|x64
		{1B4E62F7-3437-48D5-AAB2-CBBE3DE513ED}.ReleaseDLLWinRT|x86.ActiveCfg = Release|Win32
		{1B4E62F7-3437-48D5-AAB2-CBBE3DE513ED}.ReleaseDLLWinRT|x86.Build.0 = Release|Win32
		{1B4E62F7-3437-48D5-AAB2-CBBE3DE513ED}.ReleaseWinRT|x64.ActiveCfg = Release|x64
		{1B4E62F7-3437-48D5-AAB2-CBBE3DE513ED}.ReleaseWinRT|x64.Build.0 = Release|x64
		{1B4E62F7-3437-48D5-AAB2-CBBE3DE513ED}.ReleaseWinRT|x86.ActiveCfg = Release|Win32
		{1B4E62F7-3437-48D5-AAB2-CBBE3DE513ED}.ReleaseWinRT|x86.Build.0 = Release|Win32
		{FCB4D49F-6E02-422C-96A0-D9048BD17315}.Debug|x64.ActiveCfg = Debug|x64
		{FCB4D49F-6E02-422C-96A0-D9048BD17315}.Debug|x64.Build.0 = Debug|x64
		{FCB4D49F-6E02-422C-96A0-D9048BD17315}.Debug|x86.ActiveCfg = Debug|Win32
		{FCB4D49F-6E02-422C-96A0-D9048BD17315}.Debug|x86.Build.0 = Debug|Win32
		{FCB4D49F-6E02-422C-96A0-D9048BD17315}.DebugDLL|x64.ActiveCfg = Debug|x64
		{FCB4D49F-6E02-422C-96A0-D9048BD17315}.DebugDLL|x64.Build.0 = Debug|x64
		{FCB4D49F-6E02-422C-96A0-D9048BD17315}.DebugDLL|x86.ActiveCfg = Debug|Win32
		{FCB4D49F-6E02-422C-96A0-D9048BD17315}.DebugDLL|x86.Build.0 = Debug|Win32
		{FCB4D49F-6E02-422C-96A0-D9048BD17315}.DebugDLLWinRT|x64.ActiveCfg = Debug|x64
		{FCB4D49F-6E02-422C-96A0-D9048BD17315}.DebugDLLWinRT|x64.Build.0 = Debug|x64
		{FCB4D49F-6E02-422C-96A0-D9048BD17315}.DebugDLLWinRT|x86.ActiveCfg = Debug|Win32
		{FCB4D49F-6E02-422C-96A0-D9048BD17315}.DebugDLLWinRT|x86.Build.0 = Debug|Win32
		{FCB4D49F-6E02-422C-96A0-D9048BD17315}.DebugWinRT|x64.ActiveCfg = Debug|x64
		{FCB4D49F-6E02-422C-96A0-D9048BD17315}.DebugWinRT|x64.Build.0 = Debug|x64
		{FCB4D49F-6E02-422C-96A0-D9048BD17315}.DebugWinRT|x86.ActiveCfg = Debug|Win32
		{FCB4D49F-6E02-422C-96A0-D9048BD17315}.DebugWinRT|x86.Build.0 = Debug|Win32
		{FCB4D49F-6E02-422C-96A0-D9048BD17315}.Release|x64.ActiveCfg = Release|x64
		{FCB4D49F-6E02-422C-96A0-D9048BD17315}.Release|x64.Build.0 = Release|x64
		{FCB4D49F-6E02-422C-96A0-D9048BD17315}.Release|x86.ActiveCfg = Release|Win32
		{FCB4D49F-6E02-422C-96A0-D9048BD17315}.Release|x86.Build.0 = Release|Win32
		{FCB4D49F-6E02-422C-96A0-D9048BD17315}.ReleaseDLL|x64.ActiveCfg = Release|x64
		{FCB4D49F-6E02-422C-96A0-D9048BD17315}.ReleaseDLL|x64.Build.0 = Release|x64
		{FCB4D49F-6E02-422C-96A0-D9048BD17315}.ReleaseDLL|x86.ActiveCfg = Release|Win32
		{FCB4D49F-6E02-422C-96A0-D9048BD17315}.ReleaseDLL|x86.Build.0 = Release|Win32
		{FCB4D49F-6E02-422C-96A0-D9048BD17315}.ReleaseDLLWinRT|x64.ActiveCfg = Release|x64
		{FCB4D49F-6E02-422C-96A0-D9048BD17315}.ReleaseDLLWinRT|x64.Build.0 = Release|x64
		{FCB4D49F-6E02-422C-96A0-D9048BD17315}.ReleaseDLLWinRT|x86.ActiveCfg = Release|Win32
		{FCB4D49F-6E02-422C-96A0-D9048BD17315}.ReleaseDLLWinRT|x86.Build.0 = Release|Win32
		{FCB4D49F-6E02-422C-96A0-D9048BD17315}.ReleaseWinRT|x64.ActiveCfg = Release|x64
		{FCB4D49F-6E02-422C-96A0-D9048BD17315}.ReleaseWinRT|x64.Build.0 = Release|x64
		{FCB4D49F-6E02-422C-96A0-D9048BD17315}.ReleaseWinRT|x86.ActiveCfg = Release|Win32
		{FCB4D49F-6E02-422C-96A0-D9048BD17315}.ReleaseWinRT|x86.Build.0 = Release|Win32
		{986A8C9E-0733-4B48-88AD-5D8E121129ED}.Debug|x64.ActiveCfg = Debug|x64
		{986A8C9E-0733-4B48-88AD-5D8E121129ED}.Debug|x64.Build.0 = Debug|x64
		{986A8C9E-0733-4B48-88AD-5D8E121129ED}.Debug|x86.ActiveCfg = Debug|Win32
		{986A8C9E-0733-4B48-88AD-5D8E121129ED}.Debug|x86.Build.0 = Debug|Win32
		{986A8C9E-0733-4B48-88AD-5D8E121129ED}.DebugDLL|x64.ActiveCfg = Debug|x64
		{986A8C9E-0733-4B48-88AD-5D8E121129ED}.DebugDLL|x64.Build.0 = Debug|x64
		{986A8C9E-0733-4B48-88AD-5D8E121129ED}.DebugDLL|x86.ActiveCfg = Debug|Win32
		{986A8C9E-0733-4B48-88AD-5D8E121129ED}.DebugDLL|x86.Build.0 = Debug|Win32
		{986A8C9E-0733-4B48-88AD-5D8E121129ED}.DebugDLLWinRT|x64.ActiveCfg = Debug|x64
		{986A8C9E-0733-4B48-88AD-5D8E121129ED}.DebugDLLWinRT|x64.Build.0 = Debug|x64
		{986A8C9E-0733-4B48-88AD-5D8E121129ED}.DebugDLLWinRT|x86.ActiveCfg = Debug|Win32
		{986A8C9E-0733-4B48-88AD-5D8E121129ED}.DebugDLLWinRT|x86.Build.0 = Debug|Win32
		{986A8C9E-0733-4B48-88AD-5D8E121129ED}.DebugWinRT|x64.ActiveCfg = Debug|x64
		{986A8C9E-0733-4B48-88AD-5D8E121129ED}.DebugWinRT|x64.Build.0 = Debug|x64
		{986A8C9E-0733-4B48-88AD-5D8E121129ED}.DebugWinRT|x86.ActiveCfg = Debug|Win32
		{986A8C9E-0733-4B48-88AD-5D8E121129ED}.DebugWinRT|x86.Build.0 = Debug|Win32
		{986A8C9E-0733-4B48-88AD-5D8E121129ED}.Release|x64.ActiveCfg = Release|x64
		{986A8C9E-0733-4B48-88AD-5D8E121129ED}.Release|x64.Build.0 = Release|x64
		{986A8C9E-0733-4B48-88AD-5D8E121129ED}.Release|x86.ActiveCfg = Release|Win32
		{986A8C9E-0733-4B48-88AD-5D8E121129ED}.Release|x86.Build.0 = Release|Win32
		{986A8C9E-0733-4B48-88AD-5D8E121129ED}.ReleaseDLL|x64.ActiveCfg = Release|x64
		{986A8C9E-0733-4B48-88AD-5D8E121129ED}.ReleaseDLL|x64.Build.0 = Release|x64
		{986A8C9E-0733-4B48-88AD-5D8E121129ED}.ReleaseDLL|x86.ActiveCfg = Release|Win32
		{986A8C9E-0733-4B48-88AD-5D8E121129ED}.ReleaseDLL|x86.Build.0 = Release|Win32
		{986A8C9E-0733-4B48-88AD-5D8E121129ED}.ReleaseDLLWinRT|x64.ActiveCfg = Release|x64
		{986A8C9E-0733-4B48-88AD-5D8E121129ED}.ReleaseDLLWinRT|x64.Build.0 = Release|x64
		{986A8C9E-0733-4B48-88AD-5D8E121129ED}.ReleaseDLLWinRT|x86.ActiveCfg = Release|Win32
		{986A8C9E-0733-4B48-88AD-5D8E121129ED}.ReleaseDLLWinRT|x86.Build.0 = Release|Win32
		{986A8C9E-0733-4B48-88AD-5D8E121129ED}.ReleaseWinRT|x64.ActiveCfg = Release|x64
		{986A8C9E-0733-4B48-88AD-5D8E121129ED}.ReleaseWinRT|x64.Build.0 = Release|x64
		{986A8C9E-0733-4B48-88AD-5D8E121129ED}.ReleaseWinRT|x86.ActiveCfg = Release|Win32
		{986A8C9E-0733-4B48-88AD-5D8E121129ED}.ReleaseWinRT|x86.Build.0 = Release|Win32
		{71846128-99F1-47CD-9BCA-95106F0803B9}.Debug|x64.ActiveCfg = Debug|x64
		{71846128-99F1-47CD-9BCA-95106F0803B9}.Debug|x64.Build.0 = Debug|x64
		{71846128-99F1-47CD-9BCA-95106F0803B9}.Debug|x86.ActiveCfg = Debug|Win32
		{71846128-99F1-47CD-9BCA-95106F0803B9}.Debug|x86.Build.0 = Debug|Win32
		{71846128-99F1-47CD-9BCA-95106F0803B9}.DebugDLL|x64.ActiveCfg = Debug|x64
		{71846128-99F1-47CD-9BCA-95106F0803B9}.DebugDLL|x64.Build.0 = Debug|x64
		{71846128-99F1-47CD-9BCA-95106F0803B9}.DebugDLL|x86.ActiveCfg = Debug|Win32
		{71846128-99F1-47CD-9BCA-95106F0803B9}.DebugDLL|x86.Build.0 = Debug|Win32
		{71846128-99F1-47CD-9BCA-95106F0803B9}.DebugDLLWinRT|x64.ActiveCfg = Debug|x64
		{71846128-99F1-47CD-9BCA-95106F0803B9}.DebugDLLWinRT|x64.Build.0 = Debug|x64
		{71846128-99F1-47CD-9BCA-95106F0803B9}.DebugDLLWinRT|x86.ActiveCfg = Debug|Win32
		{71846128-99F1-47CD-9BCA-95106F0803B9}.DebugDLLWinRT|x86.Build.0 = Debug|Win32
		{71846128-99F1-47CD-9BCA-95106F0803B9}.DebugWinRT|x64.ActiveCfg = Debug|x64
		{71846128-99F1-47CD-9BCA-95106F0803B9}.DebugWinRT|x64.Build.0 = Debug|x64
		{71846128-99F1-47CD-9BCA-95106F0803B9}.DebugWinRT|x86.ActiveCfg = Debug|Win32
		{71846128-99F1-47CD-9BCA-95106F0803B9}.DebugWinRT|x86.Build.0 = Debug|Win32
		{71846128-99F1-47CD-9BCA-95106F0803B9}.Release|x64.ActiveCfg = Release|x64
		{71846128-99F1-47CD-9BCA-95106F0803B9}.Release|x64.Build.0 = Release|x64
		{71846128-99F1-47CD-9BCA-95106F0803B9}.Release|x86.ActiveCfg = Release|Win32
		{71846128-99F1-47CD-9BCA-95106F0803B9}.Release|x86.Build.0 = Release|Win32
		{71846128-99F1-47CD-9BCA-95106F0803B9}.ReleaseDLL|x64.ActiveCfg = Release|x64
		{71846128-99F1-47CD-9BCA-95106F0803B9}.ReleaseDLL|x64.Build.0 = Release|x64
		{71846128-99F1-47CD-9BCA-95106F0803B9}.ReleaseDLL|x86.ActiveCfg = Release|Win32
		{71846128-99F1-47CD-9BCA-95106F0803B9}.ReleaseDLL|x86.Build.0 = Release|Win32
		{71846128-99F1-47CD-9BCA-95106F0803B9}.ReleaseDLLWinRT|x64.ActiveCfg = Release|x64
		{71846128-99F1-47CD-9BCA-95106F0803B9}.ReleaseDLLWinRT|x64.Build.0 = Release|x64
		{71846128-99F1-47CD-9BCA-95106F0803B9}.ReleaseDLLWinRT|x86.ActiveCfg = Release|Win32
		{71846128-99F1-47CD-9BCA-95106F0803B9}.ReleaseDLLWinRT|x86.Build.0 = Release|Win32
		{71846128-99F1-47CD-9BCA-95106F0803B9}.ReleaseWinRT|x64.ActiveCfg = Release|x64
		{71846128-99F1-47CD-9BCA-95106F0803B9}.ReleaseWinRT|x64.Build.0 = Release|x64
		{71846128-99F1-47CD-9BCA-95106F0803B9}.ReleaseWinRT|x86.ActiveCfg = Release|Win32
		{71846128-99F1-47CD-9BCA-95106F0803B9}.ReleaseWinRT|x86.Build.0 = Release|Win32
		{8F32B39F-E8A6-4FDE-B70B-1289B05893CB}.Debug|x64.ActiveCfg = Debug|x64
		{8F32B39F-E8A6-4FDE-B70B-1289B05893CB}.Debug|x64.Build.0 = Debug|x64
		{8F32B39F-E8A6-4FDE-B70B-1289B05893CB}.Debug|x86.ActiveCfg = Debug|Win32
		{8F32B39F-E8A6-4FDE-B70B-1289B05893CB}.Debug|x86.Build.0 = Debug|Win32
		{8F32B39F-E8A6-4FDE-B70B-1289B05893CB}.DebugDLL|x64.ActiveCfg = Debug|x64
		{8F32B39F-E8A6-4FDE-B70B-1289B05893CB}.DebugDLL|x64.Build.0 = Debug|x64
		{8F32B39F-E8A6-4FDE-B70B-1289B05893CB}.DebugDLL|x86.ActiveCfg = Debug|Win32
		{8F32B39F-E8A6-4FDE-B70B-1289B05893CB}.DebugDLL|x86.Build.0 = Debug|Win32
		{8F32B39F-E8A6-4FDE-B70B-1289B05893CB}.DebugDLLWinRT|x64.ActiveCfg = Debug|x64
		{8F32B39F-E8A6-4FDE-B70B-1289B05893CB}.DebugDLLWinRT|x64.Build.0 = Debug|x64
		{8F32B39F-E8A6-4FDE-B70B-1289B05893CB}.DebugDLLWinRT|x86.ActiveCfg = Debug|Win32
		{8F32B39F-E8A6-4FDE-B70B-1289B05893CB}.DebugDLLWinRT|x86.Build.0 = Debug|Win32
		{8F32B39F-E8A6-4FDE-B70B-1289B05893CB}.DebugWinRT|x64.ActiveCfg = Debug|x64
		{8F32B39F-E8A6-4FDE-B70B-1289B05893CB}.DebugWinRT|x64.Build.0 = Debug|x64
		{8F32B39F-E8A6-4FDE-B70B-1289B05893CB}.DebugWinRT|x86.ActiveCfg = Debug|Win32
		{8F32B39F-E8A6-4FDE-B70B-1289B05893CB}.DebugWinRT|x86.Build.0 = Debug|Win32
		{8F32B39F-E8A6-4FDE-B70B-1289B05893CB}.Release|x64.ActiveCfg = Release|x64
		{8F32B39F-E8A6-4FDE-B70B-1289B05893CB}.Release|x64.Build.0 = Release|x64
		{8F32B39F-E8A6-4FDE-B70B-1289B05893CB}.Release|x86.ActiveCfg = Release|Win32
		{8F32B39F-E8A6-4FDE-B70B-1289B05893CB}.Release|x86.Build.0 = Release|Win32
		{8F32B39F-E8A6-4FDE-B70B-1289B05893CB}.ReleaseDLL|x64.ActiveCfg = Release|x64
		{8F32B39F-E8A6-4FDE-B70B-1289B05893CB}.ReleaseDLL|x64.Build.0 = Release|x64
		{8F32B39F-E8A6-4FDE-B70B-1289B05893CB}.ReleaseDLL|x86.ActiveCfg = Release|Win32
		{8F32B39F-E8A6-4FDE-B70B-1289B05893CB}.ReleaseDLL|x86.Build.0 = Release|Win32
		{8F32B39F-E8A6-4FDE-B70B-1289B05893CB}.ReleaseDLLWinRT|x64.ActiveCfg = Release|x64
		{8F32B39F-E8A6-4FDE-B70B-1289B05893CB}.ReleaseDLLWinRT|x64.Build.0 = Release|x64
		{8F32B39F-E8A6-4FDE-B70B-1289B05893CB}.ReleaseDLLWinRT|x86.ActiveCfg = Release|Win32
		{8F32B39F-E8A6-4FDE-B70B-1289B05893CB}.ReleaseDLLWinRT|x86.Build.0 = Release|Win32
		{8F32B39F-E8A6-4FDE-B70B-1289B05893CB}.ReleaseWinRT|x64.ActiveCfg = Release|x64
		{8F32B39F-E8A6-4FDE-B70B-1289B05893CB}.ReleaseWinRT|x64.Build.0 = Release|x64
		{8F32B39F-E8A6-4FDE-B70B-1289B05893CB}.ReleaseWinRT|x86.ActiveCfg = Release|Win32
		{8F32B39F-E8A6-4FDE-B70B-1289B05893CB}.ReleaseWinRT|x86.Build.0 = Release|Win32
	EndGlobalSection
	GlobalSection(SolutionProperties) = preSolution
		HideSolutionNode = FALSE
	EndGlobalSection
	GlobalSection(NestedProjects) = preSolution
		{1B4E62F7-3437-48D5-AAB2-CBBE3DE513ED} = {5BDB7D46-6FE8-4816-B5E1-C8DB9CEFA2D9}
		{FCB4D49F-6E02-422C-96A0-D9048BD17315} = {5BDB7D46-6FE8-4816-B5E1-C8DB9CEFA2D9}
		{986A8C9E-0733-4B48-88AD-5D8E121129ED} = {5BDB7D46-6FE8-4816-B5E1-C8DB9CEFA2D9}
		{71846128-99F1-47CD-9BCA-95106F0803B9} = {5BDB7D46-6FE8-4816-B5E1-C8DB9CEFA2D9}
		{8F32B39F-E8A6-4FDE-B70B-1289B05893CB} = {5BDB7D46-6FE8-4816-B5E1-C8DB9CEFA2D9}
	EndGlobalSection
	GlobalSection(ExtensibilityGlobals) = postSolution
		SolutionGuid = {807B8DE9-D5CC-4602-9A39-E0B5EBEFA00B}
	EndGlobalSection
EndGlobal
