
Microsoft Visual Studio Solution File, Format Version 12.00
VisualStudioVersion = 12.0.30501.0
MinimumVisualStudioVersion = 12.0.30501.0
Project("{8BC9CEB8-8B4A-11D0-8D11-00A0C91BC942}") = "libtheora", "libtheora.vcxproj", "{0D0F22AE-15B2-414B-9BCC-2D1C2278AA87}"
	ProjectSection(ProjectDependencies) = postProject
		{1C2315EC-E08C-4E8F-AD66-917DC9C30B98} = {1C2315EC-E08C-4E8F-AD66-917DC9C30B98}
	EndProjectSection
EndProject
Project("{2150E333-8FDC-42A3-9474-1A3956D46DE8}") = "dependencies", "dependencies", "{F8497C2C-D155-474E-B7A1-D9AF0A599EC2}"
EndProject
Project("{8BC9CEB8-8B4A-11D0-8D11-00A0C91BC942}") = "libogg", "..\..\ogg\SMP\libogg.vcxproj", "{1C2315EC-E08C-4E8F-AD66-917DC9C30B98}"
EndProject
Global
	GlobalSection(SolutionConfigurationPlatforms) = preSolution
		Debug|x64 = Debug|x64
		Debug|x86 = Debug|x86
		DebugDLL|x64 = DebugDLL|x64
		DebugDLL|x86 = DebugDLL|x86
		DebugDLLWinRT|x64 = DebugDLLWinRT|x64
		DebugDLLWinRT|x86 = DebugDLLWinRT|x86
		DebugWinRT|x64 = DebugWinRT|x64
		DebugWinRT|x86 = DebugWinRT|x86
		Release|x64 = Release|x64
		Release|x86 = Release|x86
		ReleaseDLL|x64 = ReleaseDLL|x64
		ReleaseDLL|x86 = ReleaseDLL|x86
		ReleaseDLLStaticDeps|x64 = ReleaseDLLStaticDeps|x64
		ReleaseDLLStaticDeps|x86 = ReleaseDLLStaticDeps|x86
		ReleaseDLLWinRT|x64 = ReleaseDLLWinRT|x64
		ReleaseDLLWinRT|x86 = ReleaseDLLWinRT|x86
		ReleaseDLLWinRTStaticDeps|x64 = ReleaseDLLWinRTStaticDeps|x64
		ReleaseDLLWinRTStaticDeps|x86 = ReleaseDLLWinRTStaticDeps|x86
		ReleaseWinRT|x64 = ReleaseWinRT|x64
		ReleaseWinRT|x86 = ReleaseWinRT|x86
	EndGlobalSection
	GlobalSection(ProjectConfigurationPlatforms) = postSolution
		{0D0F22AE-15B2-414B-9BCC-2D1C2278AA87}.Debug|x64.ActiveCfg = Debug|x64
		{0D0F22AE-15B2-414B-9BCC-2D1C2278AA87}.Debug|x64.Build.0 = Debug|x64
		{0D0F22AE-15B2-414B-9BCC-2D1C2278AA87}.Debug|x86.ActiveCfg = Debug|Win32
		{0D0F22AE-15B2-414B-9BCC-2D1C2278AA87}.Debug|x86.Build.0 = Debug|Win32
		{0D0F22AE-15B2-414B-9BCC-2D1C2278AA87}.DebugDLL|x64.ActiveCfg = DebugDLL|x64
		{0D0F22AE-15B2-414B-9BCC-2D1C2278AA87}.DebugDLL|x64.Build.0 = DebugDLL|x64
		{0D0F22AE-15B2-414B-9BCC-2D1C2278AA87}.DebugDLL|x86.ActiveCfg = DebugDLL|Win32
		{0D0F22AE-15B2-414B-9BCC-2D1C2278AA87}.DebugDLL|x86.Build.0 = DebugDLL|Win32
		{0D0F22AE-15B2-414B-9BCC-2D1C2278AA87}.DebugDLLWinRT|x64.ActiveCfg = DebugDLLWinRT|x64
		{0D0F22AE-15B2-414B-9BCC-2D1C2278AA87}.DebugDLLWinRT|x64.Build.0 = DebugDLLWinRT|x64
		{0D0F22AE-15B2-414B-9BCC-2D1C2278AA87}.DebugDLLWinRT|x86.ActiveCfg = DebugDLLWinRT|Win32
		{0D0F22AE-15B2-414B-9BCC-2D1C2278AA87}.DebugDLLWinRT|x86.Build.0 = DebugDLLWinRT|Win32
		{0D0F22AE-15B2-414B-9BCC-2D1C2278AA87}.DebugWinRT|x64.ActiveCfg = DebugWinRT|x64
		{0D0F22AE-15B2-414B-9BCC-2D1C2278AA87}.DebugWinRT|x64.Build.0 = DebugWinRT|x64
		{0D0F22AE-15B2-414B-9BCC-2D1C2278AA87}.DebugWinRT|x86.ActiveCfg = DebugWinRT|Win32
		{0D0F22AE-15B2-414B-9BCC-2D1C2278AA87}.DebugWinRT|x86.Build.0 = DebugWinRT|Win32
		{0D0F22AE-15B2-414B-9BCC-2D1C2278AA87}.Release|x64.ActiveCfg = Release|x64
		{0D0F22AE-15B2-414B-9BCC-2D1C2278AA87}.Release|x64.Build.0 = Release|x64
		{0D0F22AE-15B2-414B-9BCC-2D1C2278AA87}.Release|x86.ActiveCfg = Release|Win32
		{0D0F22AE-15B2-414B-9BCC-2D1C2278AA87}.Release|x86.Build.0 = Release|Win32
		{0D0F22AE-15B2-414B-9BCC-2D1C2278AA87}.ReleaseDLL|x64.ActiveCfg = ReleaseDLL|x64
		{0D0F22AE-15B2-414B-9BCC-2D1C2278AA87}.ReleaseDLL|x64.Build.0 = ReleaseDLL|x64
		{0D0F22AE-15B2-414B-9BCC-2D1C2278AA87}.ReleaseDLL|x86.ActiveCfg = ReleaseDLL|Win32
		{0D0F22AE-15B2-414B-9BCC-2D1C2278AA87}.ReleaseDLL|x86.Build.0 = ReleaseDLL|Win32
		{0D0F22AE-15B2-414B-9BCC-2D1C2278AA87}.ReleaseDLLStaticDeps|x64.ActiveCfg = ReleaseDLLStaticDeps|x64
		{0D0F22AE-15B2-414B-9BCC-2D1C2278AA87}.ReleaseDLLStaticDeps|x64.Build.0 = ReleaseDLLStaticDeps|x64
		{0D0F22AE-15B2-414B-9BCC-2D1C2278AA87}.ReleaseDLLStaticDeps|x86.ActiveCfg = ReleaseDLLStaticDeps|Win32
		{0D0F22AE-15B2-414B-9BCC-2D1C2278AA87}.ReleaseDLLStaticDeps|x86.Build.0 = ReleaseDLLStaticDeps|Win32
		{0D0F22AE-15B2-414B-9BCC-2D1C2278AA87}.ReleaseDLLWinRT|x64.ActiveCfg = ReleaseDLLWinRT|x64
		{0D0F22AE-15B2-414B-9BCC-2D1C2278AA87}.ReleaseDLLWinRT|x64.Build.0 = ReleaseDLLWinRT|x64
		{0D0F22AE-15B2-414B-9BCC-2D1C2278AA87}.ReleaseDLLWinRT|x86.ActiveCfg = ReleaseDLLWinRT|Win32
		{0D0F22AE-15B2-414B-9BCC-2D1C2278AA87}.ReleaseDLLWinRT|x86.Build.0 = ReleaseDLLWinRT|Win32
		{0D0F22AE-15B2-414B-9BCC-2D1C2278AA87}.ReleaseDLLWinRTStaticDeps|x64.ActiveCfg = ReleaseDLLWinRTStaticDeps|x64
		{0D0F22AE-15B2-414B-9BCC-2D1C2278AA87}.ReleaseDLLWinRTStaticDeps|x64.Build.0 = ReleaseDLLWinRTStaticDeps|x64
		{0D0F22AE-15B2-414B-9BCC-2D1C2278AA87}.ReleaseDLLWinRTStaticDeps|x86.ActiveCfg = ReleaseDLLWinRTStaticDeps|Win32
		{0D0F22AE-15B2-414B-9BCC-2D1C2278AA87}.ReleaseDLLWinRTStaticDeps|x86.Build.0 = ReleaseDLLWinRTStaticDeps|Win32
		{0D0F22AE-15B2-414B-9BCC-2D1C2278AA87}.ReleaseWinRT|x64.ActiveCfg = ReleaseWinRT|x64
		{0D0F22AE-15B2-414B-9BCC-2D1C2278AA87}.ReleaseWinRT|x64.Build.0 = ReleaseWinRT|x64
		{0D0F22AE-15B2-414B-9BCC-2D1C2278AA87}.ReleaseWinRT|x86.ActiveCfg = ReleaseWinRT|Win32
		{0D0F22AE-15B2-414B-9BCC-2D1C2278AA87}.ReleaseWinRT|x86.Build.0 = ReleaseWinRT|Win32
		{1C2315EC-E08C-4E8F-AD66-917DC9C30B98}.Debug|x64.ActiveCfg = Debug|x64
		{1C2315EC-E08C-4E8F-AD66-917DC9C30B98}.Debug|x64.Build.0 = Debug|x64
		{1C2315EC-E08C-4E8F-AD66-917DC9C30B98}.Debug|x86.ActiveCfg = Debug|Win32
		{1C2315EC-E08C-4E8F-AD66-917DC9C30B98}.Debug|x86.Build.0 = Debug|Win32
		{1C2315EC-E08C-4E8F-AD66-917DC9C30B98}.DebugDLL|x64.ActiveCfg = DebugDLL|x64
		{1C2315EC-E08C-4E8F-AD66-917DC9C30B98}.DebugDLL|x64.Build.0 = DebugDLL|x64
		{1C2315EC-E08C-4E8F-AD66-917DC9C30B98}.DebugDLL|x86.ActiveCfg = DebugDLL|Win32
		{1C2315EC-E08C-4E8F-AD66-917DC9C30B98}.DebugDLL|x86.Build.0 = DebugDLL|Win32
		{1C2315EC-E08C-4E8F-AD66-917DC9C30B98}.DebugDLLWinRT|x64.ActiveCfg = DebugDLLWinRT|x64
		{1C2315EC-E08C-4E8F-AD66-917DC9C30B98}.DebugDLLWinRT|x64.Build.0 = DebugDLLWinRT|x64
		{1C2315EC-E08C-4E8F-AD66-917DC9C30B98}.DebugDLLWinRT|x64.Deploy.0 = DebugDLLWinRT|x64
		{1C2315EC-E08C-4E8F-AD66-917DC9C30B98}.DebugDLLWinRT|x86.ActiveCfg = DebugDLLWinRT|Win32
		{1C2315EC-E08C-4E8F-AD66-917DC9C30B98}.DebugDLLWinRT|x86.Build.0 = DebugDLLWinRT|Win32
		{1C2315EC-E08C-4E8F-AD66-917DC9C30B98}.DebugDLLWinRT|x86.Deploy.0 = DebugDLLWinRT|Win32
		{1C2315EC-E08C-4E8F-AD66-917DC9C30B98}.DebugWinRT|x64.ActiveCfg = DebugWinRT|x64
		{1C2315EC-E08C-4E8F-AD66-917DC9C30B98}.DebugWinRT|x64.Build.0 = DebugWinRT|x64
		{1C2315EC-E08C-4E8F-AD66-917DC9C30B98}.DebugWinRT|x64.Deploy.0 = DebugWinRT|x64
		{1C2315EC-E08C-4E8F-AD66-917DC9C30B98}.DebugWinRT|x86.ActiveCfg = DebugWinRT|Win32
		{1C2315EC-E08C-4E8F-AD66-917DC9C30B98}.DebugWinRT|x86.Build.0 = DebugWinRT|Win32
		{1C2315EC-E08C-4E8F-AD66-917DC9C30B98}.DebugWinRT|x86.Deploy.0 = DebugWinRT|Win32
		{1C2315EC-E08C-4E8F-AD66-917DC9C30B98}.Release|x64.ActiveCfg = Release|x64
		{1C2315EC-E08C-4E8F-AD66-917DC9C30B98}.Release|x64.Build.0 = Release|x64
		{1C2315EC-E08C-4E8F-AD66-917DC9C30B98}.Release|x86.ActiveCfg = Release|Win32
		{1C2315EC-E08C-4E8F-AD66-917DC9C30B98}.Release|x86.Build.0 = Release|Win32
		{1C2315EC-E08C-4E8F-AD66-917DC9C30B98}.ReleaseDLL|x64.ActiveCfg = ReleaseDLL|x64
		{1C2315EC-E08C-4E8F-AD66-917DC9C30B98}.ReleaseDLL|x64.Build.0 = ReleaseDLL|x64
		{1C2315EC-E08C-4E8F-AD66-917DC9C30B98}.ReleaseDLL|x86.ActiveCfg = ReleaseDLL|Win32
		{1C2315EC-E08C-4E8F-AD66-917DC9C30B98}.ReleaseDLL|x86.Build.0 = ReleaseDLL|Win32
		{1C2315EC-E08C-4E8F-AD66-917DC9C30B98}.ReleaseDLLStaticDeps|x64.ActiveCfg = Release|x64
		{1C2315EC-E08C-4E8F-AD66-917DC9C30B98}.ReleaseDLLStaticDeps|x64.Build.0 = Release|x64
		{1C2315EC-E08C-4E8F-AD66-917DC9C30B98}.ReleaseDLLStaticDeps|x86.ActiveCfg = Release|Win32
		{1C2315EC-E08C-4E8F-AD66-917DC9C30B98}.ReleaseDLLStaticDeps|x86.Build.0 = Release|Win32
		{1C2315EC-E08C-4E8F-AD66-917DC9C30B98}.ReleaseDLLWinRT|x64.ActiveCfg = ReleaseDLLWinRT|x64
		{1C2315EC-E08C-4E8F-AD66-917DC9C30B98}.ReleaseDLLWinRT|x64.Build.0 = ReleaseDLLWinRT|x64
		{1C2315EC-E08C-4E8F-AD66-917DC9C30B98}.ReleaseDLLWinRT|x64.Deploy.0 = ReleaseDLLWinRT|x64
		{1C2315EC-E08C-4E8F-AD66-917DC9C30B98}.ReleaseDLLWinRT|x86.ActiveCfg = ReleaseDLLWinRT|Win32
		{1C2315EC-E08C-4E8F-AD66-917DC9C30B98}.ReleaseDLLWinRT|x86.Build.0 = ReleaseDLLWinRT|Win32
		{1C2315EC-E08C-4E8F-AD66-917DC9C30B98}.ReleaseDLLWinRT|x86.Deploy.0 = ReleaseDLLWinRT|Win32
		{1C2315EC-E08C-4E8F-AD66-917DC9C30B98}.ReleaseDLLWinRTStaticDeps|x64.ActiveCfg = ReleaseWinRT|x64
		{1C2315EC-E08C-4E8F-AD66-917DC9C30B98}.ReleaseDLLWinRTStaticDeps|x64.Build.0 = ReleaseWinRT|x64
		{1C2315EC-E08C-4E8F-AD66-917DC9C30B98}.ReleaseDLLWinRTStaticDeps|x64.Deploy.0 = ReleaseWinRT|x64
		{1C2315EC-E08C-4E8F-AD66-917DC9C30B98}.ReleaseDLLWinRTStaticDeps|x86.ActiveCfg = ReleaseWinRT|Win32
		{1C2315EC-E08C-4E8F-AD66-917DC9C30B98}.ReleaseDLLWinRTStaticDeps|x86.Build.0 = ReleaseWinRT|Win32
		{1C2315EC-E08C-4E8F-AD66-917DC9C30B98}.ReleaseDLLWinRTStaticDeps|x86.Deploy.0 = ReleaseWinRT|Win32
		{1C2315EC-E08C-4E8F-AD66-917DC9C30B98}.ReleaseWinRT|x64.ActiveCfg = ReleaseWinRT|x64
		{1C2315EC-E08C-4E8F-AD66-917DC9C30B98}.ReleaseWinRT|x64.Build.0 = ReleaseWinRT|x64
		{1C2315EC-E08C-4E8F-AD66-917DC9C30B98}.ReleaseWinRT|x64.Deploy.0 = ReleaseWinRT|x64
		{1C2315EC-E08C-4E8F-AD66-917DC9C30B98}.ReleaseWinRT|x86.ActiveCfg = ReleaseWinRT|Win32
		{1C2315EC-E08C-4E8F-AD66-917DC9C30B98}.ReleaseWinRT|x86.Build.0 = ReleaseWinRT|Win32
		{1C2315EC-E08C-4E8F-AD66-917DC9C30B98}.ReleaseWinRT|x86.Deploy.0 = ReleaseWinRT|Win32
	EndGlobalSection
	GlobalSection(SolutionProperties) = preSolution
		HideSolutionNode = FALSE
	EndGlobalSection
	GlobalSection(NestedProjects) = preSolution
		{1C2315EC-E08C-4E8F-AD66-917DC9C30B98} = {F8497C2C-D155-474E-B7A1-D9AF0A599EC2}
	EndGlobalSection
	GlobalSection(ExtensibilityGlobals) = postSolution
		SolutionGuid = {078E771A-C1E1-45A2-894E-58149BFC8CAE}
	EndGlobalSection
EndGlobal
