<?xml version="1.0" encoding="utf-8"?>
<Project ToolsVersion="4.0" xmlns="http://schemas.microsoft.com/developer/msbuild/2003">
  <ItemGroup>
    <Filter Include="Header Files">
      <UniqueIdentifier>{458b3470-9f41-4222-b828-250687ba6d7a}</UniqueIdentifier>
    </Filter>
    <Filter Include="Resource Files">
      <UniqueIdentifier>{a835fd50-2ce8-43ef-abe8-4c317e26242f}</UniqueIdentifier>
    </Filter>
    <Filter Include="Source Files">
      <UniqueIdentifier>{c18bbc9d-2bf0-4ff0-b99f-813a51088306}</UniqueIdentifier>
    </Filter>
    <Filter Include="Header Files\theora">
      <UniqueIdentifier>{1ba6b907-0d8a-4caf-86ff-15b23a7e6912}</UniqueIdentifier>
    </Filter>
    <Filter Include="Header Files\x86">
      <UniqueIdentifier>{71809dfe-4a46-4230-ba90-a89b088a0e39}</UniqueIdentifier>
    </Filter>
    <Filter Include="Source Files\x86">
      <UniqueIdentifier>{6cba7d9d-8c06-4e0e-9fec-550d92be0b87}</UniqueIdentifier>
    </Filter>
  </ItemGroup>
  <ItemGroup>
    <ClInclude Include="..\include\theora\theoraenc.h">
      <Filter>Header Files\theora</Filter>
    </ClInclude>
    <ClInclude Include="..\include\theora\codec.h">
      <Filter>Header Files\theora</Filter>
    </ClInclude>
    <ClInclude Include="..\include\theora\theora.h">
      <Filter>Header Files\theora</Filter>
    </ClInclude>
    <ClInclude Include="..\include\theora\theoradec.h">
      <Filter>Header Files\theora</Filter>
    </ClInclude>
    <ClInclude Include="..\lib\apiwrapper.h">
      <Filter>Header Files</Filter>
    </ClInclude>
    <ClInclude Include="..\lib\bitpack.h">
      <Filter>Header Files</Filter>
    </ClInclude>
    <ClInclude Include="..\lib\dequant.h">
      <Filter>Header Files</Filter>
    </ClInclude>
    <ClInclude Include="..\lib\huffdec.h">
      <Filter>Header Files</Filter>
    </ClInclude>
    <ClInclude Include="..\lib\internal.h">
      <Filter>Header Files</Filter>
    </ClInclude>
    <ClInclude Include="..\lib\quant.h">
      <Filter>Header Files</Filter>
    </ClInclude>
    <ClInclude Include="..\lib\state.h">
      <Filter>Header Files</Filter>
    </ClInclude>
    <ClInclude Include="..\lib\x86_vc\x86cpu.h">
      <Filter>Header Files\x86</Filter>
    </ClInclude>
    <ClInclude Include="..\lib\x86_vc\x86enc.h">
      <Filter>Header Files\x86</Filter>
    </ClInclude>
    <ClInclude Include="..\lib\enquant.h">
      <Filter>Header Files</Filter>
    </ClInclude>
    <ClInclude Include="..\lib\huffenc.h">
      <Filter>Header Files</Filter>
    </ClInclude>
    <ClInclude Include="..\lib\mathops.h">
      <Filter>Header Files</Filter>
    </ClInclude>
    <ClInclude Include="..\lib\x86_vc\mmxloop.h">
      <Filter>Header Files\x86</Filter>
    </ClInclude>
    <ClInclude Include="..\lib\x86_vc\x86int.h">
      <Filter>Header Files\x86</Filter>
    </ClInclude>
    <ClInclude Include="..\lib\x86_vc\x86zigzag.h">
      <Filter>Header Files\x86</Filter>
    </ClInclude>
    <ClInclude Include="..\lib\modedec.h">
      <Filter>Header Files</Filter>
    </ClInclude>
    <ClInclude Include="..\lib\ocintrin.h">
      <Filter>Header Files</Filter>
    </ClInclude>
    <ClInclude Include="..\lib\dct.h">
      <Filter>Header Files</Filter>
    </ClInclude>
    <ClInclude Include="..\lib\decint.h">
      <Filter>Header Files</Filter>
    </ClInclude>
    <ClInclude Include="..\lib\encint.h">
      <Filter>Header Files</Filter>
    </ClInclude>
    <ClInclude Include="..\lib\huffman.h">
      <Filter>Header Files</Filter>
    </ClInclude>
  </ItemGroup>
  <ItemGroup>
    <ClCompile Include="..\lib\apiwrapper.c">
      <Filter>Source Files</Filter>
    </ClCompile>
    <ClCompile Include="..\lib\bitpack.c">
      <Filter>Source Files</Filter>
    </ClCompile>
    <ClCompile Include="..\lib\decapiwrapper.c">
      <Filter>Source Files</Filter>
    </ClCompile>
    <ClCompile Include="..\lib\decinfo.c">
      <Filter>Source Files</Filter>
    </ClCompile>
    <ClCompile Include="..\lib\decode.c">
      <Filter>Source Files</Filter>
    </ClCompile>
    <ClCompile Include="..\lib\dequant.c">
      <Filter>Source Files</Filter>
    </ClCompile>
    <ClCompile Include="..\lib\fragment.c">
      <Filter>Source Files</Filter>
    </ClCompile>
    <ClCompile Include="..\lib\huffdec.c">
      <Filter>Source Files</Filter>
    </ClCompile>
    <ClCompile Include="..\lib\idct.c">
      <Filter>Source Files</Filter>
    </ClCompile>
    <ClCompile Include="..\lib\info.c">
      <Filter>Source Files</Filter>
    </ClCompile>
    <ClCompile Include="..\lib\internal.c">
      <Filter>Source Files</Filter>
    </ClCompile>
    <ClCompile Include="..\lib\quant.c">
      <Filter>Source Files</Filter>
    </ClCompile>
    <ClCompile Include="..\lib\state.c">
      <Filter>Source Files</Filter>
    </ClCompile>
    <ClCompile Include="..\lib\x86_vc\x86enc.c">
      <Filter>Source Files\x86</Filter>
    </ClCompile>
    <ClCompile Include="..\lib\x86_vc\x86state.c">
      <Filter>Source Files\x86</Filter>
    </ClCompile>
    <ClCompile Include="..\lib\x86_vc\mmxencfrag.c">
      <Filter>Source Files\x86</Filter>
    </ClCompile>
    <ClCompile Include="..\lib\x86_vc\mmxfdct.c">
      <Filter>Source Files\x86</Filter>
    </ClCompile>
    <ClCompile Include="..\lib\x86_vc\mmxfrag.c">
      <Filter>Source Files\x86</Filter>
    </ClCompile>
    <ClCompile Include="..\lib\x86_vc\mmxidct.c">
      <Filter>Source Files\x86</Filter>
    </ClCompile>
    <ClCompile Include="..\lib\x86_vc\mmxstate.c">
      <Filter>Source Files\x86</Filter>
    </ClCompile>
    <ClCompile Include="..\lib\x86_vc\x86cpu.c">
      <Filter>Source Files\x86</Filter>
    </ClCompile>
    <ClCompile Include="..\lib\analyze.c">
      <Filter>Source Files</Filter>
    </ClCompile>
    <ClCompile Include="..\lib\encapiwrapper.c">
      <Filter>Source Files</Filter>
    </ClCompile>
    <ClCompile Include="..\lib\encfrag.c">
      <Filter>Source Files</Filter>
    </ClCompile>
    <ClCompile Include="..\lib\encinfo.c">
      <Filter>Source Files</Filter>
    </ClCompile>
    <ClCompile Include="..\lib\encode.c">
      <Filter>Source Files</Filter>
    </ClCompile>
    <ClCompile Include="..\lib\enquant.c">
      <Filter>Source Files</Filter>
    </ClCompile>
    <ClCompile Include="..\lib\fdct.c">
      <Filter>Source Files</Filter>
    </ClCompile>
    <ClCompile Include="..\lib\huffenc.c">
      <Filter>Source Files</Filter>
    </ClCompile>
    <ClCompile Include="..\lib\mathops.c">
      <Filter>Source Files</Filter>
    </ClCompile>
    <ClCompile Include="..\lib\mcenc.c">
      <Filter>Source Files</Filter>
    </ClCompile>
    <ClCompile Include="..\lib\rate.c">
      <Filter>Source Files</Filter>
    </ClCompile>
    <ClCompile Include="..\lib\tokenize.c">
      <Filter>Source Files</Filter>
    </ClCompile>
  </ItemGroup>
  <ItemGroup>
    <None Include="libtheora.def">
      <Filter>Resource Files</Filter>
    </None>
  </ItemGroup>
</Project>