
Microsoft Visual Studio Solution File, Format Version 12.00
VisualStudioVersion = 12.0.30501.0
MinimumVisualStudioVersion = 12.0.30501.0
Project("{8BC9CEB8-8B4A-11D0-8D11-00A0C91BC942}") = "libcdio-paranoia", "libcdio-paranoia.vcxproj", "{629D96E8-C933-4F8B-A5B5-17CB25D81C95}"
	ProjectSection(ProjectDependencies) = postProject
		{BF3C59D5-4D1D-4DD7-87CD-FD841638A2D3} = {BF3C59D5-4D1D-4DD7-87CD-FD841638A2D3}
	EndProjectSection
EndProject
Project("{2150E333-8FDC-42A3-9474-1A3956D46DE8}") = "dependencies", "dependencies", "{AA9C17D2-AE19-4CD3-BD99-98525154CC55}"
EndProject
Project("{8BC9CEB8-8B4A-11D0-8D11-00A0C91BC942}") = "libcdio", "..\..\libcdio\SMP\libcdio.vcxproj", "{BF3C59D5-4D1D-4DD7-87CD-FD841638A2D3}"
	ProjectSection(ProjectDependencies) = postProject
		{CB8BB76F-D3FF-434E-A85E-7FFC0893EC9B} = {CB8BB76F-D3FF-434E-A85E-7FFC0893EC9B}
	EndProjectSection
EndProject
Project("{8BC9CEB8-8B4A-11D0-8D11-00A0C91BC942}") = "libiconv", "..\..\libiconv\SMP\libiconv.vcxproj", "{CB8BB76F-D3FF-434E-A85E-7FFC0893EC9B}"
EndProject
Global
	GlobalSection(SolutionConfigurationPlatforms) = preSolution
		Debug|x64 = Debug|x64
		Debug|x86 = Debug|x86
		DebugDLL|x64 = DebugDLL|x64
		DebugDLL|x86 = DebugDLL|x86
		DebugDLLWinRT|x64 = DebugDLLWinRT|x64
		DebugDLLWinRT|x86 = DebugDLLWinRT|x86
		DebugWinRT|x64 = DebugWinRT|x64
		DebugWinRT|x86 = DebugWinRT|x86
		Release|x64 = Release|x64
		Release|x86 = Release|x86
		ReleaseDLL|x64 = ReleaseDLL|x64
		ReleaseDLL|x86 = ReleaseDLL|x86
		ReleaseDLLStaticDeps|x64 = ReleaseDLLStaticDeps|x64
		ReleaseDLLStaticDeps|x86 = ReleaseDLLStaticDeps|x86
		ReleaseDLLWinRT|x64 = ReleaseDLLWinRT|x64
		ReleaseDLLWinRT|x86 = ReleaseDLLWinRT|x86
		ReleaseDLLWinRTStaticDeps|x64 = ReleaseDLLWinRTStaticDeps|x64
		ReleaseDLLWinRTStaticDeps|x86 = ReleaseDLLWinRTStaticDeps|x86
		ReleaseWinRT|x64 = ReleaseWinRT|x64
		ReleaseWinRT|x86 = ReleaseWinRT|x86
	EndGlobalSection
	GlobalSection(ProjectConfigurationPlatforms) = postSolution
		{629D96E8-C933-4F8B-A5B5-17CB25D81C95}.Debug|x64.ActiveCfg = Debug|x64
		{629D96E8-C933-4F8B-A5B5-17CB25D81C95}.Debug|x64.Build.0 = Debug|x64
		{629D96E8-C933-4F8B-A5B5-17CB25D81C95}.Debug|x86.ActiveCfg = Debug|Win32
		{629D96E8-C933-4F8B-A5B5-17CB25D81C95}.Debug|x86.Build.0 = Debug|Win32
		{629D96E8-C933-4F8B-A5B5-17CB25D81C95}.DebugDLL|x64.ActiveCfg = DebugDLL|x64
		{629D96E8-C933-4F8B-A5B5-17CB25D81C95}.DebugDLL|x64.Build.0 = DebugDLL|x64
		{629D96E8-C933-4F8B-A5B5-17CB25D81C95}.DebugDLL|x86.ActiveCfg = DebugDLL|Win32
		{629D96E8-C933-4F8B-A5B5-17CB25D81C95}.DebugDLL|x86.Build.0 = DebugDLL|Win32
		{629D96E8-C933-4F8B-A5B5-17CB25D81C95}.DebugDLLWinRT|x64.ActiveCfg = DebugDLLWinRT|x64
		{629D96E8-C933-4F8B-A5B5-17CB25D81C95}.DebugDLLWinRT|x64.Build.0 = DebugDLLWinRT|x64
		{629D96E8-C933-4F8B-A5B5-17CB25D81C95}.DebugDLLWinRT|x86.ActiveCfg = DebugDLLWinRT|Win32
		{629D96E8-C933-4F8B-A5B5-17CB25D81C95}.DebugDLLWinRT|x86.Build.0 = DebugDLLWinRT|Win32
		{629D96E8-C933-4F8B-A5B5-17CB25D81C95}.DebugWinRT|x64.ActiveCfg = DebugWinRT|x64
		{629D96E8-C933-4F8B-A5B5-17CB25D81C95}.DebugWinRT|x64.Build.0 = DebugWinRT|x64
		{629D96E8-C933-4F8B-A5B5-17CB25D81C95}.DebugWinRT|x86.ActiveCfg = DebugWinRT|Win32
		{629D96E8-C933-4F8B-A5B5-17CB25D81C95}.DebugWinRT|x86.Build.0 = DebugWinRT|Win32
		{629D96E8-C933-4F8B-A5B5-17CB25D81C95}.Release|x64.ActiveCfg = Release|x64
		{629D96E8-C933-4F8B-A5B5-17CB25D81C95}.Release|x64.Build.0 = Release|x64
		{629D96E8-C933-4F8B-A5B5-17CB25D81C95}.Release|x86.ActiveCfg = Release|Win32
		{629D96E8-C933-4F8B-A5B5-17CB25D81C95}.Release|x86.Build.0 = Release|Win32
		{629D96E8-C933-4F8B-A5B5-17CB25D81C95}.ReleaseDLL|x64.ActiveCfg = ReleaseDLL|x64
		{629D96E8-C933-4F8B-A5B5-17CB25D81C95}.ReleaseDLL|x64.Build.0 = ReleaseDLL|x64
		{629D96E8-C933-4F8B-A5B5-17CB25D81C95}.ReleaseDLL|x86.ActiveCfg = ReleaseDLL|Win32
		{629D96E8-C933-4F8B-A5B5-17CB25D81C95}.ReleaseDLL|x86.Build.0 = ReleaseDLL|Win32
		{629D96E8-C933-4F8B-A5B5-17CB25D81C95}.ReleaseDLLStaticDeps|x64.ActiveCfg = ReleaseDLLStaticDeps|x64
		{629D96E8-C933-4F8B-A5B5-17CB25D81C95}.ReleaseDLLStaticDeps|x64.Build.0 = ReleaseDLLStaticDeps|x64
		{629D96E8-C933-4F8B-A5B5-17CB25D81C95}.ReleaseDLLStaticDeps|x86.ActiveCfg = ReleaseDLLStaticDeps|Win32
		{629D96E8-C933-4F8B-A5B5-17CB25D81C95}.ReleaseDLLStaticDeps|x86.Build.0 = ReleaseDLLStaticDeps|Win32
		{629D96E8-C933-4F8B-A5B5-17CB25D81C95}.ReleaseDLLWinRT|x64.ActiveCfg = ReleaseDLLWinRT|x64
		{629D96E8-C933-4F8B-A5B5-17CB25D81C95}.ReleaseDLLWinRT|x64.Build.0 = ReleaseDLLWinRT|x64
		{629D96E8-C933-4F8B-A5B5-17CB25D81C95}.ReleaseDLLWinRT|x86.ActiveCfg = ReleaseDLLWinRT|Win32
		{629D96E8-C933-4F8B-A5B5-17CB25D81C95}.ReleaseDLLWinRT|x86.Build.0 = ReleaseDLLWinRT|Win32
		{629D96E8-C933-4F8B-A5B5-17CB25D81C95}.ReleaseDLLWinRTStaticDeps|x64.ActiveCfg = ReleaseDLLWinRTStaticDeps|x64
		{629D96E8-C933-4F8B-A5B5-17CB25D81C95}.ReleaseDLLWinRTStaticDeps|x64.Build.0 = ReleaseDLLWinRTStaticDeps|x64
		{629D96E8-C933-4F8B-A5B5-17CB25D81C95}.ReleaseDLLWinRTStaticDeps|x86.ActiveCfg = ReleaseDLLWinRTStaticDeps|Win32
		{629D96E8-C933-4F8B-A5B5-17CB25D81C95}.ReleaseDLLWinRTStaticDeps|x86.Build.0 = ReleaseDLLWinRTStaticDeps|Win32
		{629D96E8-C933-4F8B-A5B5-17CB25D81C95}.ReleaseWinRT|x64.ActiveCfg = ReleaseWinRT|x64
		{629D96E8-C933-4F8B-A5B5-17CB25D81C95}.ReleaseWinRT|x64.Build.0 = ReleaseWinRT|x64
		{629D96E8-C933-4F8B-A5B5-17CB25D81C95}.ReleaseWinRT|x86.ActiveCfg = ReleaseWinRT|Win32
		{629D96E8-C933-4F8B-A5B5-17CB25D81C95}.ReleaseWinRT|x86.Build.0 = ReleaseWinRT|Win32
		{BF3C59D5-4D1D-4DD7-87CD-FD841638A2D3}.Debug|x64.ActiveCfg = Debug|x64
		{BF3C59D5-4D1D-4DD7-87CD-FD841638A2D3}.Debug|x64.Build.0 = Debug|x64
		{BF3C59D5-4D1D-4DD7-87CD-FD841638A2D3}.Debug|x86.ActiveCfg = Debug|Win32
		{BF3C59D5-4D1D-4DD7-87CD-FD841638A2D3}.Debug|x86.Build.0 = Debug|Win32
		{BF3C59D5-4D1D-4DD7-87CD-FD841638A2D3}.DebugDLL|x64.ActiveCfg = DebugDLL|x64
		{BF3C59D5-4D1D-4DD7-87CD-FD841638A2D3}.DebugDLL|x64.Build.0 = DebugDLL|x64
		{BF3C59D5-4D1D-4DD7-87CD-FD841638A2D3}.DebugDLL|x86.ActiveCfg = DebugDLL|Win32
		{BF3C59D5-4D1D-4DD7-87CD-FD841638A2D3}.DebugDLL|x86.Build.0 = DebugDLL|Win32
		{BF3C59D5-4D1D-4DD7-87CD-FD841638A2D3}.DebugDLLWinRT|x64.ActiveCfg = DebugDLLWinRT|x64
		{BF3C59D5-4D1D-4DD7-87CD-FD841638A2D3}.DebugDLLWinRT|x64.Build.0 = DebugDLLWinRT|x64
		{BF3C59D5-4D1D-4DD7-87CD-FD841638A2D3}.DebugDLLWinRT|x86.ActiveCfg = DebugDLLWinRT|Win32
		{BF3C59D5-4D1D-4DD7-87CD-FD841638A2D3}.DebugDLLWinRT|x86.Build.0 = DebugDLLWinRT|Win32
		{BF3C59D5-4D1D-4DD7-87CD-FD841638A2D3}.DebugWinRT|x64.ActiveCfg = DebugWinRT|x64
		{BF3C59D5-4D1D-4DD7-87CD-FD841638A2D3}.DebugWinRT|x64.Build.0 = DebugWinRT|x64
		{BF3C59D5-4D1D-4DD7-87CD-FD841638A2D3}.DebugWinRT|x86.ActiveCfg = DebugWinRT|Win32
		{BF3C59D5-4D1D-4DD7-87CD-FD841638A2D3}.DebugWinRT|x86.Build.0 = DebugWinRT|Win32
		{BF3C59D5-4D1D-4DD7-87CD-FD841638A2D3}.Release|x64.ActiveCfg = Release|x64
		{BF3C59D5-4D1D-4DD7-87CD-FD841638A2D3}.Release|x64.Build.0 = Release|x64
		{BF3C59D5-4D1D-4DD7-87CD-FD841638A2D3}.Release|x86.ActiveCfg = Release|Win32
		{BF3C59D5-4D1D-4DD7-87CD-FD841638A2D3}.Release|x86.Build.0 = Release|Win32
		{BF3C59D5-4D1D-4DD7-87CD-FD841638A2D3}.ReleaseDLL|x64.ActiveCfg = ReleaseDLL|x64
		{BF3C59D5-4D1D-4DD7-87CD-FD841638A2D3}.ReleaseDLL|x64.Build.0 = ReleaseDLL|x64
		{BF3C59D5-4D1D-4DD7-87CD-FD841638A2D3}.ReleaseDLL|x86.ActiveCfg = ReleaseDLL|Win32
		{BF3C59D5-4D1D-4DD7-87CD-FD841638A2D3}.ReleaseDLL|x86.Build.0 = ReleaseDLL|Win32
		{BF3C59D5-4D1D-4DD7-87CD-FD841638A2D3}.ReleaseDLLStaticDeps|x64.ActiveCfg = Release|x64
		{BF3C59D5-4D1D-4DD7-87CD-FD841638A2D3}.ReleaseDLLStaticDeps|x64.Build.0 = Release|x64
		{BF3C59D5-4D1D-4DD7-87CD-FD841638A2D3}.ReleaseDLLStaticDeps|x86.ActiveCfg = Release|Win32
		{BF3C59D5-4D1D-4DD7-87CD-FD841638A2D3}.ReleaseDLLStaticDeps|x86.Build.0 = Release|Win32
		{BF3C59D5-4D1D-4DD7-87CD-FD841638A2D3}.ReleaseDLLWinRT|x64.ActiveCfg = ReleaseDLLWinRT|x64
		{BF3C59D5-4D1D-4DD7-87CD-FD841638A2D3}.ReleaseDLLWinRT|x64.Build.0 = ReleaseDLLWinRT|x64
		{BF3C59D5-4D1D-4DD7-87CD-FD841638A2D3}.ReleaseDLLWinRT|x86.ActiveCfg = ReleaseDLLWinRT|Win32
		{BF3C59D5-4D1D-4DD7-87CD-FD841638A2D3}.ReleaseDLLWinRT|x86.Build.0 = ReleaseDLLWinRT|Win32
		{BF3C59D5-4D1D-4DD7-87CD-FD841638A2D3}.ReleaseDLLWinRTStaticDeps|x64.ActiveCfg = ReleaseWinRT|x64
		{BF3C59D5-4D1D-4DD7-87CD-FD841638A2D3}.ReleaseDLLWinRTStaticDeps|x64.Build.0 = ReleaseWinRT|x64
		{BF3C59D5-4D1D-4DD7-87CD-FD841638A2D3}.ReleaseDLLWinRTStaticDeps|x86.ActiveCfg = ReleaseWinRT|Win32
		{BF3C59D5-4D1D-4DD7-87CD-FD841638A2D3}.ReleaseDLLWinRTStaticDeps|x86.Build.0 = ReleaseWinRT|Win32
		{BF3C59D5-4D1D-4DD7-87CD-FD841638A2D3}.ReleaseWinRT|x64.ActiveCfg = ReleaseWinRT|x64
		{BF3C59D5-4D1D-4DD7-87CD-FD841638A2D3}.ReleaseWinRT|x64.Build.0 = ReleaseWinRT|x64
		{BF3C59D5-4D1D-4DD7-87CD-FD841638A2D3}.ReleaseWinRT|x86.ActiveCfg = ReleaseWinRT|Win32
		{BF3C59D5-4D1D-4DD7-87CD-FD841638A2D3}.ReleaseWinRT|x86.Build.0 = ReleaseWinRT|Win32
		{CB8BB76F-D3FF-434E-A85E-7FFC0893EC9B}.Debug|x64.ActiveCfg = Debug|x64
		{CB8BB76F-D3FF-434E-A85E-7FFC0893EC9B}.Debug|x64.Build.0 = Debug|x64
		{CB8BB76F-D3FF-434E-A85E-7FFC0893EC9B}.Debug|x86.ActiveCfg = Debug|Win32
		{CB8BB76F-D3FF-434E-A85E-7FFC0893EC9B}.Debug|x86.Build.0 = Debug|Win32
		{CB8BB76F-D3FF-434E-A85E-7FFC0893EC9B}.DebugDLL|x64.ActiveCfg = DebugDLL|x64
		{CB8BB76F-D3FF-434E-A85E-7FFC0893EC9B}.DebugDLL|x64.Build.0 = DebugDLL|x64
		{CB8BB76F-D3FF-434E-A85E-7FFC0893EC9B}.DebugDLL|x86.ActiveCfg = DebugDLL|Win32
		{CB8BB76F-D3FF-434E-A85E-7FFC0893EC9B}.DebugDLL|x86.Build.0 = DebugDLL|Win32
		{CB8BB76F-D3FF-434E-A85E-7FFC0893EC9B}.DebugDLLWinRT|x64.ActiveCfg = DebugDLLWinRT|x64
		{CB8BB76F-D3FF-434E-A85E-7FFC0893EC9B}.DebugDLLWinRT|x64.Build.0 = DebugDLLWinRT|x64
		{CB8BB76F-D3FF-434E-A85E-7FFC0893EC9B}.DebugDLLWinRT|x86.ActiveCfg = DebugDLLWinRT|Win32
		{CB8BB76F-D3FF-434E-A85E-7FFC0893EC9B}.DebugDLLWinRT|x86.Build.0 = DebugDLLWinRT|Win32
		{CB8BB76F-D3FF-434E-A85E-7FFC0893EC9B}.DebugWinRT|x64.ActiveCfg = DebugWinRT|x64
		{CB8BB76F-D3FF-434E-A85E-7FFC0893EC9B}.DebugWinRT|x64.Build.0 = DebugWinRT|x64
		{CB8BB76F-D3FF-434E-A85E-7FFC0893EC9B}.DebugWinRT|x86.ActiveCfg = DebugWinRT|Win32
		{CB8BB76F-D3FF-434E-A85E-7FFC0893EC9B}.DebugWinRT|x86.Build.0 = DebugWinRT|Win32
		{CB8BB76F-D3FF-434E-A85E-7FFC0893EC9B}.Release|x64.ActiveCfg = Release|x64
		{CB8BB76F-D3FF-434E-A85E-7FFC0893EC9B}.Release|x64.Build.0 = Release|x64
		{CB8BB76F-D3FF-434E-A85E-7FFC0893EC9B}.Release|x86.ActiveCfg = Release|Win32
		{CB8BB76F-D3FF-434E-A85E-7FFC0893EC9B}.Release|x86.Build.0 = Release|Win32
		{CB8BB76F-D3FF-434E-A85E-7FFC0893EC9B}.ReleaseDLL|x64.ActiveCfg = ReleaseDLL|x64
		{CB8BB76F-D3FF-434E-A85E-7FFC0893EC9B}.ReleaseDLL|x64.Build.0 = ReleaseDLL|x64
		{CB8BB76F-D3FF-434E-A85E-7FFC0893EC9B}.ReleaseDLL|x86.ActiveCfg = ReleaseDLL|Win32
		{CB8BB76F-D3FF-434E-A85E-7FFC0893EC9B}.ReleaseDLL|x86.Build.0 = ReleaseDLL|Win32
		{CB8BB76F-D3FF-434E-A85E-7FFC0893EC9B}.ReleaseDLLStaticDeps|x64.ActiveCfg = Release|x64
		{CB8BB76F-D3FF-434E-A85E-7FFC0893EC9B}.ReleaseDLLStaticDeps|x64.Build.0 = Release|x64
		{CB8BB76F-D3FF-434E-A85E-7FFC0893EC9B}.ReleaseDLLStaticDeps|x86.ActiveCfg = Release|Win32
		{CB8BB76F-D3FF-434E-A85E-7FFC0893EC9B}.ReleaseDLLStaticDeps|x86.Build.0 = Release|Win32
		{CB8BB76F-D3FF-434E-A85E-7FFC0893EC9B}.ReleaseDLLWinRT|x64.ActiveCfg = ReleaseDLLWinRT|x64
		{CB8BB76F-D3FF-434E-A85E-7FFC0893EC9B}.ReleaseDLLWinRT|x64.Build.0 = ReleaseDLLWinRT|x64
		{CB8BB76F-D3FF-434E-A85E-7FFC0893EC9B}.ReleaseDLLWinRT|x86.ActiveCfg = ReleaseDLLWinRT|Win32
		{CB8BB76F-D3FF-434E-A85E-7FFC0893EC9B}.ReleaseDLLWinRT|x86.Build.0 = ReleaseDLLWinRT|Win32
		{CB8BB76F-D3FF-434E-A85E-7FFC0893EC9B}.ReleaseDLLWinRTStaticDeps|x64.ActiveCfg = ReleaseWinRT|x64
		{CB8BB76F-D3FF-434E-A85E-7FFC0893EC9B}.ReleaseDLLWinRTStaticDeps|x64.Build.0 = ReleaseWinRT|x64
		{CB8BB76F-D3FF-434E-A85E-7FFC0893EC9B}.ReleaseDLLWinRTStaticDeps|x86.ActiveCfg = ReleaseWinRT|Win32
		{CB8BB76F-D3FF-434E-A85E-7FFC0893EC9B}.ReleaseDLLWinRTStaticDeps|x86.Build.0 = ReleaseWinRT|Win32
		{CB8BB76F-D3FF-434E-A85E-7FFC0893EC9B}.ReleaseWinRT|x64.ActiveCfg = ReleaseWinRT|x64
		{CB8BB76F-D3FF-434E-A85E-7FFC0893EC9B}.ReleaseWinRT|x64.Build.0 = ReleaseWinRT|x64
		{CB8BB76F-D3FF-434E-A85E-7FFC0893EC9B}.ReleaseWinRT|x86.ActiveCfg = ReleaseWinRT|Win32
		{CB8BB76F-D3FF-434E-A85E-7FFC0893EC9B}.ReleaseWinRT|x86.Build.0 = ReleaseWinRT|Win32
	EndGlobalSection
	GlobalSection(SolutionProperties) = preSolution
		HideSolutionNode = FALSE
	EndGlobalSection
	GlobalSection(NestedProjects) = preSolution
		{BF3C59D5-4D1D-4DD7-87CD-FD841638A2D3} = {AA9C17D2-AE19-4CD3-BD99-98525154CC55}
		{CB8BB76F-D3FF-434E-A85E-7FFC0893EC9B} = {AA9C17D2-AE19-4CD3-BD99-98525154CC55}
	EndGlobalSection
	GlobalSection(ExtensibilityGlobals) = postSolution
		SolutionGuid = {5D1F95CB-7E93-44D8-B023-908B9AF75042}
	EndGlobalSection
EndGlobal
